<?xml version="1.0" encoding="utf-8"?>
<Project ToolsVersion="4.0" xmlns="http://schemas.microsoft.com/developer/msbuild/2003">
  <ItemGroup>
    <Filter Include="ソース ファイル">
      <UniqueIdentifier>{4FC737F1-C7A5-4376-A066-2A32D752A2FF}</UniqueIdentifier>
      <Extensions>cpp;c;cc;cxx;def;odl;idl;hpj;bat;asm;asmx</Extensions>
    </Filter>
    <Filter Include="ヘッダー ファイル">
      <UniqueIdentifier>{93995380-89BD-4b04-88EB-625FBE52EBFB}</UniqueIdentifier>
      <Extensions>h;hh;hpp;hxx;hm;inl;inc;ipp;xsd</Extensions>
    </Filter>
    <Filter Include="リソース ファイル">
      <UniqueIdentifier>{67DA6AB6-F800-4c08-8B7A-83BB121AAD01}</UniqueIdentifier>
      <Extensions>rc;ico;cur;bmp;dlg;rc2;rct;bin;rgs;gif;jpg;jpeg;jpe;resx;tiff;tif;png;wav;mfcribbon-ms</Extensions>
    </Filter>
    <Filter Include="ソース ファイル\Main">
      <UniqueIdentifier>{99ae0d4a-96e4-41b5-9ba3-212912b9d81f}</UniqueIdentifier>
    </Filter>
    <Filter Include="ソース ファイル\Title">
      <UniqueIdentifier>{8db67bee-cc5d-415f-a0bc-56da36908d50}</UniqueIdentifier>
    </Filter>
  </ItemGroup>
  <ItemGroup>
    <ClInclude Include="Game\GameHeader.h">
      <Filter>ソース ファイル</Filter>
    </ClInclude>
    <ClInclude Include="Game\Main\MainCamera.h">
      <Filter>ソース ファイル\Main</Filter>
    </ClInclude>
    <ClInclude Include="Game\Main\SceneMain.h">
      <Filter>ソース ファイル\Main</Filter>
    </ClInclude>
    <ClInclude Include="Game\Title\SceneTItle.h">
      <Filter>ソース ファイル\Title</Filter>
    </ClInclude>
    <ClInclude Include="Game\Title\TitleCamera.h">
      <Filter>ソース ファイル\Title</Filter>
    </ClInclude>
    <ClInclude Include="Game\Title\TitleObj.h">
      <Filter>ソース ファイル\Title</Filter>
    </ClInclude>
    <ClInclude Include="Library\Audio.h">
      <Filter>リソース ファイル</Filter>
    </ClInclude>
    <ClInclude Include="Library\Camera.h">
      <Filter>リソース ファイル</Filter>
    </ClInclude>
    <ClInclude Include="Library\CObj.h">
      <Filter>リソース ファイル</Filter>
    </ClInclude>
    <ClInclude Include="Library\DirectX.h">
      <Filter>リソース ファイル</Filter>
    </ClInclude>
    <ClInclude Include="Library\Font.h">
      <Filter>リソース ファイル</Filter>
    </ClInclude>
    <ClInclude Include="Library\FrameRate.h">
      <Filter>リソース ファイル</Filter>
    </ClInclude>
    <ClInclude Include="Library\Input.h">
      <Filter>リソース ファイル</Filter>
    </ClInclude>
    <ClInclude Include="Library\Math.h">
      <Filter>リソース ファイル</Filter>
    </ClInclude>
    <ClInclude Include="Library\Polygon.h">
      <Filter>リソース ファイル</Filter>
    </ClInclude>
    <ClInclude Include="Library\Release.h">
      <Filter>リソース ファイル</Filter>
    </ClInclude>
    <ClInclude Include="Library\Route.h">
      <Filter>リソース ファイル</Filter>
    </ClInclude>
    <ClInclude Include="Library\Scene.h">
      <Filter>リソース ファイル</Filter>
    </ClInclude>
    <ClInclude Include="Library\Shader.h">
      <Filter>リソース ファイル</Filter>
    </ClInclude>
    <ClInclude Include="Library\Singleton.h">
      <Filter>リソース ファイル</Filter>
    </ClInclude>
    <ClInclude Include="Library\SkinShader.h">
      <Filter>リソース ファイル</Filter>
    </ClInclude>
    <ClInclude Include="Library\Struct.h">
      <Filter>リソース ファイル</Filter>
    </ClInclude>
    <ClInclude Include="Library\Task.h">
      <Filter>リソース ファイル</Filter>
    </ClInclude>
    <ClInclude Include="Library\TextureManager.h">
      <Filter>リソース ファイル</Filter>
    </ClInclude>
    <ClInclude Include="Library\X_Loader.h">
      <Filter>リソース ファイル</Filter>
    </ClInclude>
    <ClInclude Include="Library\X_Struct.h">
      <Filter>リソース ファイル</Filter>
    </ClInclude>
    <ClInclude Include="Library\XLoader_Skin.h">
      <Filter>リソース ファイル</Filter>
    </ClInclude>
    <ClInclude Include="Library\LibraryHeader.h">
      <Filter>ヘッダー ファイル</Filter>
    </ClInclude>
    <ClInclude Include="Library\LibraryMain.h">
      <Filter>ヘッダー ファイル</Filter>
    </ClInclude>
    <ClInclude Include="Library\Main.h">
      <Filter>ヘッダー ファイル</Filter>
    </ClInclude>
    <ClInclude Include="Library\SceneInclude.h">
      <Filter>ヘッダー ファイル</Filter>
    </ClInclude>
    <ClInclude Include="Library\ModelManager.h">
      <Filter>リソース ファイル</Filter>
    </ClInclude>
    <ClInclude Include="Game\Main\Hand.h">
      <Filter>ソース ファイル\Main</Filter>
    </ClInclude>
  </ItemGroup>
  <ItemGroup>
    <ClCompile Include="Game\Main\MainCamera.cpp">
      <Filter>ソース ファイル\Main</Filter>
    </ClCompile>
    <ClCompile Include="Game\Main\SceneMain.cpp">
      <Filter>ソース ファイル\Main</Filter>
    </ClCompile>
    <ClCompile Include="Game\Title\SceneTitle.cpp">
      <Filter>ソース ファイル\Title</Filter>
    </ClCompile>
    <ClCompile Include="Game\Title\TitleCamera.cpp">
      <Filter>ソース ファイル\Title</Filter>
    </ClCompile>
    <ClCompile Include="Game\Title\TitleObj.cpp">
      <Filter>ソース ファイル\Title</Filter>
    </ClCompile>
    <ClCompile Include="Library\Audio.cpp">
      <Filter>リソース ファイル</Filter>
    </ClCompile>
    <ClCompile Include="Library\DirectX.cpp">
      <Filter>リソース ファイル</Filter>
    </ClCompile>
    <ClCompile Include="Library\Font.cpp">
      <Filter>リソース ファイル</Filter>
    </ClCompile>
    <ClCompile Include="Library\FrameRate.cpp">
      <Filter>リソース ファイル</Filter>
    </ClCompile>
    <ClCompile Include="Library\Input.cpp">
      <Filter>リソース ファイル</Filter>
    </ClCompile>
    <ClCompile Include="Library\Math.cpp">
      <Filter>リソース ファイル</Filter>
    </ClCompile>
    <ClCompile Include="Library\Polygon.cpp">
      <Filter>リソース ファイル</Filter>
    </ClCompile>
    <ClCompile Include="Library\Route.cpp">
      <Filter>リソース ファイル</Filter>
    </ClCompile>
    <ClCompile Include="Library\Scene.cpp">
      <Filter>リソース ファイル</Filter>
    </ClCompile>
    <ClCompile Include="Library\Shader.cpp">
      <Filter>リソース ファイル</Filter>
    </ClCompile>
    <ClCompile Include="Library\SkinShader.cpp">
      <Filter>リソース ファイル</Filter>
    </ClCompile>
    <ClCompile Include="Library\Task.cpp">
      <Filter>リソース ファイル</Filter>
    </ClCompile>
    <ClCompile Include="Library\TextureManager.cpp">
      <Filter>リソース ファイル</Filter>
    </ClCompile>
    <ClCompile Include="Library\X_Loader.cpp">
      <Filter>リソース ファイル</Filter>
    </ClCompile>
    <ClCompile Include="Library\XLoader_Skin.cpp">
      <Filter>リソース ファイル</Filter>
    </ClCompile>
    <ClCompile Include="Library\LibraryMain.cpp">
      <Filter>ヘッダー ファイル</Filter>
    </ClCompile>
    <ClCompile Include="Library\Main.cpp">
      <Filter>ヘッダー ファイル</Filter>
    </ClCompile>
    <ClCompile Include="Library\SceneInclude.cpp">
      <Filter>ヘッダー ファイル</Filter>
    </ClCompile>
    <ClCompile Include="Library\ModelManager.cpp">
      <Filter>リソース ファイル</Filter>
    </ClCompile>
    <ClCompile Include="Game\Main\Hand.cpp">
      <Filter>ソース ファイル\Main</Filter>
    </ClCompile>
  </ItemGroup>
  <ItemGroup>
    <FxCompile Include="Geometry_Texture_Skin.fx">
      <Filter>ソース ファイル</Filter>
    </FxCompile>
    <FxCompile Include="Geometry_Texture.fx">
      <Filter>リソース ファイル</Filter>
    </FxCompile>
  </ItemGroup>
</Project>